// !$*UTF8*$!
{
	archiveVersion = 1;
	classes = {
	};
	objectVersion = 55;
	objects = {

/* Begin PBXBuildFile section */
		1B01ECE4286B8ED4002F73C4 /* AppDelegate.swift in Sources */ = {isa = PBXBuildFile; fileRef = 1B01ECE3286B8ED4002F73C4 /* AppDelegate.swift */; };
		1B01ECE6286B8ED4002F73C4 /* SceneDelegate.swift in Sources */ = {isa = PBXBuildFile; fileRef = 1B01ECE5286B8ED4002F73C4 /* SceneDelegate.swift */; };
		1B01ECE8286B8ED4002F73C4 /* ViewController.swift in Sources */ = {isa = PBXBuildFile; fileRef = 1B01ECE7286B8ED4002F73C4 /* ViewController.swift */; };
		1B01ECEB286B8ED4002F73C4 /* Main.storyboard in Resources */ = {isa = PBXBuildFile; fileRef = 1B01ECE9286B8ED4002F73C4 /* Main.storyboard */; };
		1B01ECEE286B8ED4002F73C4 /* testing123.xcdatamodeld in Sources */ = {isa = PBXBuildFile; fileRef = 1B01ECEC286B8ED4002F73C4 /* testing123.xcdatamodeld */; };
		1B01ECF0286B8EDC002F73C4 /* Assets.xcassets in Resources */ = {isa = PBXBuildFile; fileRef = 1B01ECEF286B8EDC002F73C4 /* Assets.xcassets */; };
		1B01ECF3286B8EDC002F73C4 /* LaunchScreen.storyboard in Resources */ = {isa = PBXBuildFile; fileRef = 1B01ECF1286B8EDC002F73C4 /* LaunchScreen.storyboard */; };
		1B01ECFE286B8EDC002F73C4 /* testing123Tests.swift in Sources */ = {isa = PBXBuildFile; fileRef = 1B01ECFD286B8EDC002F73C4 /* testing123Tests.swift */; };
		1B01ED08286B8EDC002F73C4 /* testing123UITests.swift in Sources */ = {isa = PBXBuildFile; fileRef = 1B01ED07286B8EDC002F73C4 /* testing123UITests.swift */; };
		1B01ED0A286B8EDC002F73C4 /* testing123UITestsLaunchTests.swift in Sources */ = {isa = PBXBuildFile; fileRef = 1B01ED09286B8EDC002F73C4 /* testing123UITestsLaunchTests.swift */; };
/* End PBXBuildFile section */

/* Begin PBXContainerItemProxy section */
		1B01ECFA286B8EDC002F73C4 /* PBXContainerItemProxy */ = {
			isa = PBXContainerItemProxy;
			containerPortal = 1B01ECD8286B8ED4002F73C4 /* Project object */;
			proxyType = 1;
			remoteGlobalIDString = 1B01ECDF286B8ED4002F73C4;
			remoteInfo = testing123;
		};
		1B01ED04286B8EDC002F73C4 /* PBXContainerItemProxy */ = {
			isa = PBXContainerItemProxy;
			containerPortal = 1B01ECD8286B8ED4002F73C4 /* Project object */;
			proxyType = 1;
			remoteGlobalIDString = 1B01ECDF286B8ED4002F73C4;
			remoteInfo = testing123;
		};
/* End PBXContainerItemProxy section */

/* Begin PBXFileReference section */
		1B01ECE0286B8ED4002F73C4 /* testing123.app */ = {isa = PBXFileReference; explicitFileType = wrapper.application; includeInIndex = 0; path = testing123.app; sourceTree = BUILT_PRODUCTS_DIR; };
		1B01ECE3286B8ED4002F73C4 /* AppDelegate.swift */ = {isa = PBXFileReference; lastKnownFileType = sourcecode.swift; path = AppDelegate.swift; sourceTree = "<group>"; };
		1B01ECE5286B8ED4002F73C4 /* SceneDelegate.swift */ = {isa = PBXFileReference; lastKnownFileType = sourcecode.swift; path = SceneDelegate.swift; sourceTree = "<group>"; };
		1B01ECE7286B8ED4002F73C4 /* ViewController.swift */ = {isa = PBXFileReference; lastKnownFileType = sourcecode.swift; path = ViewController.swift; sourceTree = "<group>"; };
		1B01ECEA286B8ED4002F73C4 /* Base */ = {isa = PBXFileReference; lastKnownFileType = file.storyboard; name = Base; path = Base.lproj/Main.storyboard; sourceTree = "<group>"; };
		1B01ECED286B8ED4002F73C4 /* testing123.xcdatamodel */ = {isa = PBXFileReference; lastKnownFileType = wrapper.xcdatamodel; path = testing123.xcdatamodel; sourceTree = "<group>"; };
		1B01ECEF286B8EDC002F73C4 /* Assets.xcassets */ = {isa = PBXFileReference; lastKnownFileType = folder.assetcatalog; path = Assets.xcassets; sourceTree = "<group>"; };
		1B01ECF2286B8EDC002F73C4 /* Base */ = {isa = PBXFileReference; lastKnownFileType = file.storyboard; name = Base; path = Base.lproj/LaunchScreen.storyboard; sourceTree = "<group>"; };
		1B01ECF4286B8EDC002F73C4 /* Info.plist */ = {isa = PBXFileReference; lastKnownFileType = text.plist.xml; path = Info.plist; sourceTree = "<group>"; };
		1B01ECF9286B8EDC002F73C4 /* testing123Tests.xctest */ = {isa = PBXFileReference; explicitFileType = wrapper.cfbundle; includeInIndex = 0; path = testing123Tests.xctest; sourceTree = BUILT_PRODUCTS_DIR; };
		1B01ECFD286B8EDC002F73C4 /* testing123Tests.swift */ = {isa = PBXFileReference; lastKnownFileType = sourcecode.swift; path = testing123Tests.swift; sourceTree = "<group>"; };
		1B01ED03286B8EDC002F73C4 /* testing123UITests.xctest */ = {isa = PBXFileReference; explicitFileType = wrapper.cfbundle; includeInIndex = 0; path = testing123UITests.xctest; sourceTree = BUILT_PRODUCTS_DIR; };
		1B01ED07286B8EDC002F73C4 /* testing123UITests.swift */ = {isa = PBXFileReference; lastKnownFileType = sourcecode.swift; path = testing123UITests.swift; sourceTree = "<group>"; };
		1B01ED09286B8EDC002F73C4 /* testing123UITestsLaunchTests.swift */ = {isa = PBXFileReference; lastKnownFileType = sourcecode.swift; path = testing123UITestsLaunchTests.swift; sourceTree = "<group>"; };
/* End PBXFileReference section */

/* Begin PBXFrameworksBuildPhase section */
		1B01ECDD286B8ED4002F73C4 /* Frameworks */ = {
			isa = PBXFrameworksBuildPhase;
			buildActionMask = 2147483647;
			files = (
			);
			runOnlyForDeploymentPostprocessing = 0;
		};
		1B01ECF6286B8EDC002F73C4 /* Frameworks */ = {
			isa = PBXFrameworksBuildPhase;
			buildActionMask = 2147483647;
			files = (
			);
			runOnlyForDeploymentPostprocessing = 0;
		};
		1B01ED00286B8EDC002F73C4 /* Frameworks */ = {
			isa = PBXFrameworksBuildPhase;
			buildActionMask = 2147483647;
			files = (
			);
			runOnlyForDeploymentPostprocessing = 0;
		};
/* End PBXFrameworksBuildPhase section */

/* Begin PBXGroup section */
		1B01ECD7286B8ED4002F73C4 = {
			isa = PBXGroup;
			children = (
				1B01ECE2286B8ED4002F73C4 /* testing123 */,
				1B01ECFC286B8EDC002F73C4 /* testing123Tests */,
				1B01ED06286B8EDC002F73C4 /* testing123UITests */,
				1B01ECE1286B8ED4002F73C4 /* Products */,
			);
			sourceTree = "<group>";
		};
		1B01ECE1286B8ED4002F73C4 /* Products */ = {
			isa = PBXGroup;
			children = (
				1B01ECE0286B8ED4002F73C4 /* testing123.app */,
				1B01ECF9286B8EDC002F73C4 /* testing123Tests.xctest */,
				1B01ED03286B8EDC002F73C4 /* testing123UITests.xctest */,
			);
			name = Products;
			sourceTree = "<group>";
		};
		1B01ECE2286B8ED4002F73C4 /* testing123 */ = {
			isa = PBXGroup;
			children = (
				1B01ECE3286B8ED4002F73C4 /* AppDelegate.swift */,
				1B01ECE5286B8ED4002F73C4 /* SceneDelegate.swift */,
				1B01ECE7286B8ED4002F73C4 /* ViewController.swift */,
				1B01ECE9286B8ED4002F73C4 /* Main.storyboard */,
				1B01ECEF286B8EDC002F73C4 /* Assets.xcassets */,
				1B01ECF1286B8EDC002F73C4 /* LaunchScreen.storyboard */,
				1B01ECF4286B8EDC002F73C4 /* Info.plist */,
				1B01ECEC286B8ED4002F73C4 /* testing123.xcdatamodeld */,
			);
			path = testing123;
			sourceTree = "<group>";
		};
		1B01ECFC286B8EDC002F73C4 /* testing123Tests */ = {
			isa = PBXGroup;
			children = (
				1B01ECFD286B8EDC002F73C4 /* testing123Tests.swift */,
			);
			path = testing123Tests;
			sourceTree = "<group>";
		};
		1B01ED06286B8EDC002F73C4 /* testing123UITests */ = {
			isa = PBXGroup;
			children = (
				1B01ED07286B8EDC002F73C4 /* testing123UITests.swift */,
				1B01ED09286B8EDC002F73C4 /* testing123UITestsLaunchTests.swift */,
			);
			path = testing123UITests;
			sourceTree = "<group>";
		};
/* End PBXGroup section */

/* Begin PBXNativeTarget section */
		1B01ECDF286B8ED4002F73C4 /* testing123 */ = {
			isa = PBXNativeTarget;
			buildConfigurationList = 1B01ED0D286B8EDC002F73C4 /* Build configuration list for PBXNativeTarget "testing123" */;
			buildPhases = (
				1B01ECDC286B8ED4002F73C4 /* Sources */,
				1B01ECDD286B8ED4002F73C4 /* Frameworks */,
				1B01ECDE286B8ED4002F73C4 /* Resources */,
			);
			buildRules = (
			);
			dependencies = (
			);
			name = testing123;
			productName = testing123;
			productReference = 1B01ECE0286B8ED4002F73C4 /* testing123.app */;
			productType = "com.apple.product-type.application";
		};
		1B01ECF8286B8EDC002F73C4 /* testing123Tests */ = {
			isa = PBXNativeTarget;
			buildConfigurationList = 1B01ED10286B8EDC002F73C4 /* Build configuration list for PBXNativeTarget "testing123Tests" */;
			buildPhases = (
				1B01ECF5286B8EDC002F73C4 /* Sources */,
				1B01ECF6286B8EDC002F73C4 /* Frameworks */,
				1B01ECF7286B8EDC002F73C4 /* Resources */,
			);
			buildRules = (
			);
			dependencies = (
				1B01ECFB286B8EDC002F73C4 /* PBXTargetDependency */,
			);
			name = testing123Tests;
			productName = testing123Tests;
			productReference = 1B01ECF9286B8EDC002F73C4 /* testing123Tests.xctest */;
			productType = "com.apple.product-type.bundle.unit-test";
		};
		1B01ED02286B8EDC002F73C4 /* testing123UITests */ = {
			isa = PBXNativeTarget;
			buildConfigurationList = 1B01ED13286B8EDC002F73C4 /* Build configuration list for PBXNativeTarget "testing123UITests" */;
			buildPhases = (
				1B01ECFF286B8EDC002F73C4 /* Sources */,
				1B01ED00286B8EDC002F73C4 /* Frameworks */,
				1B01ED01286B8EDC002F73C4 /* Resources */,
			);
			buildRules = (
			);
			dependencies = (
				1B01ED05286B8EDC002F73C4 /* PBXTargetDependency */,
			);
			name = testing123UITests;
			productName = testing123UITests;
			productReference = 1B01ED03286B8EDC002F73C4 /* testing123UITests.xctest */;
			productType = "com.apple.product-type.bundle.ui-testing";
		};
/* End PBXNativeTarget section */

/* Begin PBXProject section */
		1B01ECD8286B8ED4002F73C4 /* Project object */ = {
			isa = PBXProject;
			attributes = {
				BuildIndependentTargetsInParallel = 1;
				LastSwiftUpdateCheck = 1340;
				LastUpgradeCheck = 1340;
				TargetAttributes = {
					1B01ECDF286B8ED4002F73C4 = {
						CreatedOnToolsVersion = 13.4.1;
					};
					1B01ECF8286B8EDC002F73C4 = {
						CreatedOnToolsVersion = 13.4.1;
						TestTargetID = 1B01ECDF286B8ED4002F73C4;
					};
					1B01ED02286B8EDC002F73C4 = {
						CreatedOnToolsVersion = 13.4.1;
						TestTargetID = 1B01ECDF286B8ED4002F73C4;
					};
				};
			};
			buildConfigurationList = 1B01ECDB286B8ED4002F73C4 /* Build configuration list for PBXProject "testing123" */;
			compatibilityVersion = "Xcode 13.0";
			developmentRegion = en;
			hasScannedForEncodings = 0;
			knownRegions = (
				en,
				Base,
			);
			mainGroup = 1B01ECD7286B8ED4002F73C4;
			productRefGroup = 1B01ECE1286B8ED4002F73C4 /* Products */;
			projectDirPath = "";
			projectRoot = "";
			targets = (
				1B01ECDF286B8ED4002F73C4 /* testing123 */,
				1B01ECF8286B8EDC002F73C4 /* testing123Tests */,
				1B01ED02286B8EDC002F73C4 /* testing123UITests */,
			);
		};
/* End PBXProject section */

/* Begin PBXResourcesBuildPhase section */
		1B01ECDE286B8ED4002F73C4 /* Resources */ = {
			isa = PBXResourcesBuildPhase;
			buildActionMask = 2147483647;
			files = (
				1B01ECF3286B8EDC002F73C4 /* LaunchScreen.storyboard in Resources */,
				1B01ECF0286B8EDC002F73C4 /* Assets.xcassets in Resources */,
				1B01ECEB286B8ED4002F73C4 /* Main.storyboard in Resources */,
			);
			runOnlyForDeploymentPostprocessing = 0;
		};
		1B01ECF7286B8EDC002F73C4 /* Resources */ = {
			isa = PBXResourcesBuildPhase;
			buildActionMask = 2147483647;
			files = (
			);
			runOnlyForDeploymentPostprocessing = 0;
		};
		1B01ED01286B8EDC002F73C4 /* Resources */ = {
			isa = PBXResourcesBuildPhase;
			buildActionMask = 2147483647;
			files = (
			);
			runOnlyForDeploymentPostprocessing = 0;
		};
/* End PBXResourcesBuildPhase section */

/* Begin PBXSourcesBuildPhase section */
		1B01ECDC286B8ED4002F73C4 /* Sources */ = {
			isa = PBXSourcesBuildPhase;
			buildActionMask = 2147483647;
			files = (
				1B01ECE8286B8ED4002F73C4 /* ViewController.swift in Sources */,
				1B01ECE4286B8ED4002F73C4 /* AppDelegate.swift in Sources */,
				1B01ECE6286B8ED4002F73C4 /* SceneDelegate.swift in Sources */,
				1B01ECEE286B8ED4002F73C4 /* testing123.xcdatamodeld in Sources */,
			);
			runOnlyForDeploymentPostprocessing = 0;
		};
		1B01ECF5286B8EDC002F73C4 /* Sources */ = {
			isa = PBXSourcesBuildPhase;
			buildActionMask = 2147483647;
			files = (
				1B01ECFE286B8EDC002F73C4 /* testing123Tests.swift in Sources */,
			);
			runOnlyForDeploymentPostprocessing = 0;
		};
		1B01ECFF286B8EDC002F73C4 /* Sources */ = {
			isa = PBXSourcesBuildPhase;
			buildActionMask = 2147483647;
			files = (
				1B01ED0A286B8EDC002F73C4 /* testing123UITestsLaunchTests.swift in Sources */,
				1B01ED08286B8EDC002F73C4 /* testing123UITests.swift in Sources */,
			);
			runOnlyForDeploymentPostprocessing = 0;
		};
/* End PBXSourcesBuildPhase section */

/* Begin PBXTargetDependency section */
		1B01ECFB286B8EDC002F73C4 /* PBXTargetDependency */ = {
			isa = PBXTargetDependency;
			target = 1B01ECDF286B8ED4002F73C4 /* testing123 */;
			targetProxy = 1B01ECFA286B8EDC002F73C4 /* PBXContainerItemProxy */;
		};
		1B01ED05286B8EDC002F73C4 /* PBXTargetDependency */ = {
			isa = PBXTargetDependency;
			target = 1B01ECDF286B8ED4002F73C4 /* testing123 */;
			targetProxy = 1B01ED04286B8EDC002F73C4 /* PBXContainerItemProxy */;
		};
/* End PBXTargetDependency section */

/* Begin PBXVariantGroup section */
		1B01ECE9286B8ED4002F73C4 /* Main.storyboard */ = {
			isa = PBXVariantGroup;
			children = (
				1B01ECEA286B8ED4002F73C4 /* Base */,
			);
			name = Main.storyboard;
			sourceTree = "<group>";
		};
		1B01ECF1286B8EDC002F73C4 /* LaunchScreen.storyboard */ = {
			isa = PBXVariantGroup;
			children = (
				1B01ECF2286B8EDC002F73C4 /* Base */,
			);
			name = LaunchScreen.storyboard;
			sourceTree = "<group>";
		};
/* End PBXVariantGroup section */

/* Begin XCBuildConfiguration section */
		1B01ED0B286B8EDC002F73C4 /* Debug */ = {
			isa = XCBuildConfiguration;
			buildSettings = {
				ALWAYS_SEARCH_USER_PATHS = NO;
				CLANG_ANALYZER_NONNULL = YES;
				CLANG_ANALYZER_NUMBER_OBJECT_CONVERSION = YES_AGGRESSIVE;
				CLANG_CXX_LANGUAGE_STANDARD = "gnu++17";
				CLANG_ENABLE_MODULES = YES;
				CLANG_ENABLE_OBJC_ARC = YES;
				CLANG_ENABLE_OBJC_WEAK = YES;
				CLANG_WARN_BLOCK_CAPTURE_AUTORELEASING = YES;
				CLANG_WARN_BOOL_CONVERSION = YES;
				CLANG_WARN_COMMA = YES;
				CLANG_WARN_CONSTANT_CONVERSION = YES;
				CLANG_WARN_DEPRECATED_OBJC_IMPLEMENTATIONS = YES;
				CLANG_WARN_DIRECT_OBJC_ISA_USAGE = YES_ERROR;
				CLANG_WARN_DOCUMENTATION_COMMENTS = YES;
				CLANG_WARN_EMPTY_BODY = YES;
				CLANG_WARN_ENUM_CONVERSION = YES;
				CLANG_WARN_INFINITE_RECURSION = YES;
				CLANG_WARN_INT_CONVERSION = YES;
				CLANG_WARN_NON_LITERAL_NULL_CONVERSION = YES;
				CLANG_WARN_OBJC_IMPLICIT_RETAIN_SELF = YES;
				CLANG_WARN_OBJC_LITERAL_CONVERSION = YES;
				CLANG_WARN_OBJC_ROOT_CLASS = YES_ERROR;
				CLANG_WARN_QUOTED_INCLUDE_IN_FRAMEWORK_HEADER = YES;
				CLANG_WARN_RANGE_LOOP_ANALYSIS = YES;
				CLANG_WARN_STRICT_PROTOTYPES = YES;
				CLANG_WARN_SUSPICIOUS_MOVE = YES;
				CLANG_WARN_UNGUARDED_AVAILABILITY = YES_AGGRESSIVE;
				CLANG_WARN_UNREACHABLE_CODE = YES;
				CLANG_WARN__DUPLICATE_METHOD_MATCH = YES;
				COPY_PHASE_STRIP = NO;
				DEBUG_INFORMATION_FORMAT = dwarf;
				ENABLE_STRICT_OBJC_MSGSEND = YES;
				ENABLE_TESTABILITY = YES;
				GCC_C_LANGUAGE_STANDARD = gnu11;
				GCC_DYNAMIC_NO_PIC = NO;
				GCC_NO_COMMON_BLOCKS = YES;
				GCC_OPTIMIZATION_LEVEL = 0;
				GCC_PREPROCESSOR_DEFINITIONS = (
					"DEBUG=1",
					"$(inherited)",
				);
				GCC_WARN_64_TO_32_BIT_CONVERSION = YES;
				GCC_WARN_ABOUT_RETURN_TYPE = YES_ERROR;
				GCC_WARN_UNDECLARED_SELECTOR = YES;
				GCC_WARN_UNINITIALIZED_AUTOS = YES_AGGRESSIVE;
				GCC_WARN_UNUSED_FUNCTION = YES;
				GCC_WARN_UNUSED_VARIABLE = YES;
				IPHONEOS_DEPLOYMENT_TARGET = 15.5;
				MTL_ENABLE_DEBUG_INFO = INCLUDE_SOURCE;
				MTL_FAST_MATH = YES;
				ONLY_ACTIVE_ARCH = YES;
				SDKROOT = iphoneos;
				SWIFT_ACTIVE_COMPILATION_CONDITIONS = DEBUG;
				SWIFT_OPTIMIZATION_LEVEL = "-Onone";
			};
			name = Debug;
		};
		1B01ED0C286B8EDC002F73C4 /* Release */ = {
			isa = XCBuildConfiguration;
			buildSettings = {
				ALWAYS_SEARCH_USER_PATHS = NO;
				CLANG_ANALYZER_NONNULL = YES;
				CLANG_ANALYZER_NUMBER_OBJECT_CONVERSION = YES_AGGRESSIVE;
				CLANG_CXX_LANGUAGE_STANDARD = "gnu++17";
				CLANG_ENABLE_MODULES = YES;
				CLANG_ENABLE_OBJC_ARC = YES;
				CLANG_ENABLE_OBJC_WEAK = YES;
				CLANG_WARN_BLOCK_CAPTURE_AUTORELEASING = YES;
				CLANG_WARN_BOOL_CONVERSION = YES;
				CLANG_WARN_COMMA = YES;
				CLANG_WARN_CONSTANT_CONVERSION = YES;
				CLANG_WARN_DEPRECATED_OBJC_IMPLEMENTATIONS = YES;
				CLANG_WARN_DIRECT_OBJC_ISA_USAGE = YES_ERROR;
				CLANG_WARN_DOCUMENTATION_COMMENTS = YES;
				CLANG_WARN_EMPTY_BODY = YES;
				CLANG_WARN_ENUM_CONVERSION = YES;
				CLANG_WARN_INFINITE_RECURSION = YES;
				CLANG_WARN_INT_CONVERSION = YES;
				CLANG_WARN_NON_LITERAL_NULL_CONVERSION = YES;
				CLANG_WARN_OBJC_IMPLICIT_RETAIN_SELF = YES;
				CLANG_WARN_OBJC_LITERAL_CONVERSION = YES;
				CLANG_WARN_OBJC_ROOT_CLASS = YES_ERROR;
				CLANG_WARN_QUOTED_INCLUDE_IN_FRAMEWORK_HEADER = YES;
				CLANG_WARN_RANGE_LOOP_ANALYSIS = YES;
				CLANG_WARN_STRICT_PROTOTYPES = YES;
				CLANG_WARN_SUSPICIOUS_MOVE = YES;
				CLANG_WARN_UNGUARDED_AVAILABILITY = YES_AGGRESSIVE;
				CLANG_WARN_UNREACHABLE_CODE = YES;
				CLANG_WARN__DUPLICATE_METHOD_MATCH = YES;
				COPY_PHASE_STRIP = NO;
				DEBUG_INFORMATION_FORMAT = "dwarf-with-dsym";
				ENABLE_NS_ASSERTIONS = NO;
				ENABLE_STRICT_OBJC_MSGSEND = YES;
				GCC_C_LANGUAGE_STANDARD = gnu11;
				GCC_NO_COMMON_BLOCKS = YES;
				GCC_WARN_64_TO_32_BIT_CONVERSION = YES;
				GCC_WARN_ABOUT_RETURN_TYPE = YES_ERROR;
				GCC_WARN_UNDECLARED_SELECTOR = YES;
				GCC_WARN_UNINITIALIZED_AUTOS = YES_AGGRESSIVE;
				GCC_WARN_UNUSED_FUNCTION = YES;
				GCC_WARN_UNUSED_VARIABLE = YES;
				IPHONEOS_DEPLOYMENT_TARGET = 15.5;
				MTL_ENABLE_DEBUG_INFO = NO;
				MTL_FAST_MATH = YES;
				SDKROOT = iphoneos;
				SWIFT_COMPILATION_MODE = wholemodule;
				SWIFT_OPTIMIZATION_LEVEL = "-O";
				VALIDATE_PRODUCT = YES;
			};
			name = Release;
		};
		1B01ED0E286B8EDC002F73C4 /* Debug */ = {
			isa = XCBuildConfiguration;
			buildSettings = {
				ASSETCATALOG_COMPILER_APPICON_NAME = AppIcon;
				ASSETCATALOG_COMPILER_GLOBAL_ACCENT_COLOR_NAME = AccentColor;
				CODE_SIGN_STYLE = Automatic;
				CURRENT_PROJECT_VERSION = 1;
				DEVELOPMENT_TEAM = C87L54QCVL;
				GENERATE_INFOPLIST_FILE = YES;
				INFOPLIST_FILE = testing123/Info.plist;
				INFOPLIST_KEY_UIApplicationSupportsIndirectInputEvents = YES;
				INFOPLIST_KEY_UILaunchStoryboardName = LaunchScreen;
				INFOPLIST_KEY_UIMainStoryboardFile = Main;
				INFOPLIST_KEY_UISupportedInterfaceOrientations_iPad = "UIInterfaceOrientationPortrait UIInterfaceOrientationPortraitUpsideDown UIInterfaceOrientationLandscapeLeft UIInterfaceOrientationLandscapeRight";
				INFOPLIST_KEY_UISupportedInterfaceOrientations_iPhone = "UIInterfaceOrientationPortrait UIInterfaceOrientationLandscapeLeft UIInterfaceOrientationLandscapeRight";
				LD_RUNPATH_SEARCH_PATHS = (
					"$(inherited)",
					"@executable_path/Frameworks",
				);
				MARKETING_VERSION = 1.0;
				PRODUCT_BUNDLE_IDENTIFIER = Shanaya.testing123;
				PRODUCT_NAME = "$(TARGET_NAME)";
				SWIFT_EMIT_LOC_STRINGS = YES;
				SWIFT_VERSION = 5.0;
				TARGETED_DEVICE_FAMILY = "1,2";
			};
			name = Debug;
		};
		1B01ED0F286B8EDC002F73C4 /* Release */ = {
			isa = XCBuildConfiguration;
			buildSettings = {
				ASSETCATALOG_COMPILER_APPICON_NAME = AppIcon;
				ASSETCATALOG_COMPILER_GLOBAL_ACCENT_COLOR_NAME = AccentColor;
				CODE_SIGN_STYLE = Automatic;
				CURRENT_PROJECT_VERSION = 1;
				DEVELOPMENT_TEAM = C87L54QCVL;
				GENERATE_INFOPLIST_FILE = YES;
				INFOPLIST_FILE = testing123/Info.plist;
				INFOPLIST_KEY_UIApplicationSupportsIndirectInputEvents = YES;
				INFOPLIST_KEY_UILaunchStoryboardName = LaunchScreen;
				INFOPLIST_KEY_UIMainStoryboardFile = Main;
				INFOPLIST_KEY_UISupportedInterfaceOrientations_iPad = "UIInterfaceOrientationPortrait UIInterfaceOrientationPortraitUpsideDown UIInterfaceOrientationLandscapeLeft UIInterfaceOrientationLandscapeRight";
				INFOPLIST_KEY_UISupportedInterfaceOrientations_iPhone = "UIInterfaceOrientationPortrait UIInterfaceOrientationLandscapeLeft UIInterfaceOrientationLandscapeRight";
				LD_RUNPATH_SEARCH_PATHS = (
					"$(inherited)",
					"@executable_path/Frameworks",
				);
				MARKETING_VERSION = 1.0;
				PRODUCT_BUNDLE_IDENTIFIER = Shanaya.testing123;
				PRODUCT_NAME = "$(TARGET_NAME)";
				SWIFT_EMIT_LOC_STRINGS = YES;
				SWIFT_VERSION = 5.0;
				TARGETED_DEVICE_FAMILY = "1,2";
			};
			name = Release;
		};
		1B01ED11286B8EDC002F73C4 /* Debug */ = {
			isa = XCBuildConfiguration;
			buildSettings = {
				ALWAYS_EMBED_SWIFT_STANDARD_LIBRARIES = YES;
				BUNDLE_LOADER = "$(TEST_HOST)";
				CODE_SIGN_STYLE = Automatic;
				CURRENT_PROJECT_VERSION = 1;
				DEVELOPMENT_TEAM = C87L54QCVL;
				GENERATE_INFOPLIST_FILE = YES;
				IPHONEOS_DEPLOYMENT_TARGET = 15.5;
				MARKETING_VERSION = 1.0;
				PRODUCT_BUNDLE_IDENTIFIER = Shanaya.testing123Tests;
				PRODUCT_NAME = "$(TARGET_NAME)";
				SWIFT_EMIT_LOC_STRINGS = NO;
				SWIFT_VERSION = 5.0;
				TARGETED_DEVICE_FAMILY = "1,2";
				TEST_HOST = "$(BUILT_PRODUCTS_DIR)/testing123.app/testing123";
			};
			name = Debug;
		};
		1B01ED12286B8EDC002F73C4 /* Release */ = {
			isa = XCBuildConfiguration;
			buildSettings = {
				ALWAYS_EMBED_SWIFT_STANDARD_LIBRARIES = YES;
				BUNDLE_LOADER = "$(TEST_HOST)";
				CODE_SIGN_STYLE = Automatic;
				CURRENT_PROJECT_VERSION = 1;
				DEVELOPMENT_TEAM = C87L54QCVL;
				GENERATE_INFOPLIST_FILE = YES;
				IPHONEOS_DEPLOYMENT_TARGET = 15.5;
				MARKETING_VERSION = 1.0;
				PRODUCT_BUNDLE_IDENTIFIER = Shanaya.testing123Tests;
				PRODUCT_NAME = "$(TARGET_NAME)";
				SWIFT_EMIT_LOC_STRINGS = NO;
				SWIFT_VERSION = 5.0;
				TARGETED_DEVICE_FAMILY = "1,2";
				TEST_HOST = "$(BUILT_PRODUCTS_DIR)/testing123.app/testing123";
			};
			name = Release;
		};
		1B01ED14286B8EDC002F73C4 /* Debug */ = {
			isa = XCBuildConfiguration;
			buildSettings = {
				ALWAYS_EMBED_SWIFT_STANDARD_LIBRARIES = YES;
				CODE_SIGN_STYLE = Automatic;
				CURRENT_PROJECT_VERSION = 1;
				DEVELOPMENT_TEAM = C87L54QCVL;
				GENERATE_INFOPLIST_FILE = YES;
				MARKETING_VERSION = 1.0;
				PRODUCT_BUNDLE_IDENTIFIER = Shanaya.testing123UITests;
				PRODUCT_NAME = "$(TARGET_NAME)";
				SWIFT_EMIT_LOC_STRINGS = NO;
				SWIFT_VERSION = 5.0;
				TARGETED_DEVICE_FAMILY = "1,2";
				TEST_TARGET_NAME = testing123;
			};
			name = Debug;
		};
		1B01ED15286B8EDC002F73C4 /* Release */ = {
			isa = XCBuildConfiguration;
			buildSettings = {
				ALWAYS_EMBED_SWIFT_STANDARD_LIBRARIES = YES;
				CODE_SIGN_STYLE = Automatic;
				CURRENT_PROJECT_VERSION = 1;
				DEVELOPMENT_TEAM = C87L54QCVL;
				GENERATE_INFOPLIST_FILE = YES;
				MARKETING_VERSION = 1.0;
				PRODUCT_BUNDLE_IDENTIFIER = Shanaya.testing123UITests;
				PRODUCT_NAME = "$(TARGET_NAME)";
				SWIFT_EMIT_LOC_STRINGS = NO;
				SWIFT_VERSION = 5.0;
				TARGETED_DEVICE_FAMILY = "1,2";
				TEST_TARGET_NAME = testing123;
			};
			name = Release;
		};
/* End XCBuildConfiguration section */

/* Begin XCConfigurationList section */
		1B01ECDB286B8ED4002F73C4 /* Build configuration list for PBXProject "testing123" */ = {
			isa = XCConfigurationList;
			buildConfigurations = (
				1B01ED0B286B8EDC002F73C4 /* Debug */,
				1B01ED0C286B8EDC002F73C4 /* Release */,
			);
			defaultConfigurationIsVisible = 0;
			defaultConfigurationName = Release;
		};
		1B01ED0D286B8EDC002F73C4 /* Build configuration list for PBXNativeTarget "testing123" */ = {
			isa = XCConfigurationList;
			buildConfigurations = (
				1B01ED0E286B8EDC002F73C4 /* Debug */,
				1B01ED0F286B8EDC002F73C4 /* Release */,
			);
			defaultConfigurationIsVisible = 0;
			defaultConfigurationName = Release;
		};
		1B01ED10286B8EDC002F73C4 /* Build configuration list for PBXNativeTarget "testing123Tests" */ = {
			isa = XCConfigurationList;
			buildConfigurations = (
				1B01ED11286B8EDC002F73C4 /* Debug */,
				1B01ED12286B8EDC002F73C4 /* Release */,
			);
			defaultConfigurationIsVisible = 0;
			defaultConfigurationName = Release;
		};
		1B01ED13286B8EDC002F73C4 /* Build configuration list for PBXNativeTarget "testing123UITests" */ = {
			isa = XCConfigurationList;
			buildConfigurations = (
				1B01ED14286B8EDC002F73C4 /* Debug */,
				1B01ED15286B8EDC002F73C4 /* Release */,
			);
			defaultConfigurationIsVisible = 0;
			defaultConfigurationName = Release;
		};
/* End XCConfigurationList section */

/* Begin XCVersionGroup section */
		1B01ECEC286B8ED4002F73C4 /* testing123.xcdatamodeld */ = {
			isa = XCVersionGroup;
			children = (
				1B01ECED286B8ED4002F73C4 /* testing123.xcdatamodel */,
			);
			currentVersion = 1B01ECED286B8ED4002F73C4 /* testing123.xcdatamodel */;
			path = testing123.xcdatamodeld;
			sourceTree = "<group>";
			versionGroupType = wrapper.xcdatamodel;
		};
/* End XCVersionGroup section */
	};
	rootObject = 1B01ECD8286B8ED4002F73C4 /* Project object */;
}
